
Microsoft Visual Studio Solution File, Format Version 12.00
# Visual Studio 14
VisualStudioVersion = 14.0.24720.0
MinimumVisualStudioVersion = 10.0.40219.1
Project("{FAE04EC0-301F-11D3-BF4B-00C04F79EFBC}") = "[EPAM]UsersNote.PL.Console", "[EPAM]UsersNote.DAL.Files\[EPAM]UsersNote.PL.Console.csproj", "{128AE665-E7B4-451D-8390-98BD97C3A7B0}"
EndProject
Project("{2150E333-8FDC-42A3-9474-1A3956D46DE8}") = "PL", "PL", "{E74A669E-D38E-4B66-BFC5-83CEF3BFE4A6}"
EndProject
Project("{2150E333-8FDC-42A3-9474-1A3956D46DE8}") = "DAL", "DAL", "{AD40FAB0-54A0-4445-A5C0-01DDCA6AD937}"
	ProjectSection(SolutionItems) = preProject
		..\Settings.StyleCop = ..\Settings.StyleCop
	EndProjectSection
EndProject
Project("{2150E333-8FDC-42A3-9474-1A3956D46DE8}") = "BLL", "BLL", "{B25CCCC4-A9D5-44FB-BFA1-1B6B173D23C3}"
EndProject
Project("{2150E333-8FDC-42A3-9474-1A3956D46DE8}") = "Entites", "Entites", "{8A6268ED-8FEA-448E-95E8-6C72D478780A}"
EndProject
Project("{2150E333-8FDC-42A3-9474-1A3956D46DE8}") = "Interfaces", "Interfaces", "{A8CF531D-4262-4933-B622-1087E52D6C34}"
	ProjectSection(SolutionItems) = preProject
		..\Settings.StyleCop = ..\Settings.StyleCop
	EndProjectSection
EndProject
Project("{FAE04EC0-301F-11D3-BF4B-00C04F79EFBC}") = "[EPAM]UsersNote.Interfaces.BLL", "[EPAM]UsersNote.Interfaces.BLL\[EPAM]UsersNote.Interfaces.BLL.csproj", "{88A5BC66-F654-4D4F-87B8-7660036EC652}"
EndProject
Project("{FAE04EC0-301F-11D3-BF4B-00C04F79EFBC}") = "[EPAM]UsersNote.Interfaces.DAL", "[EPAM]UsersNote.Interfaces.DAL\[EPAM]UsersNote.Interfaces.DAL.csproj", "{C3060508-7639-495B-B4DE-CD6A4C5ACF1F}"
EndProject
Project("{FAE04EC0-301F-11D3-BF4B-00C04F79EFBC}") = "[EPAM]UsersNote.DALFiles", "[EPAM]UsersNote.DALFiles\[EPAM]UsersNote.DALFiles.csproj", "{DAA11EE0-13B7-49E5-A432-12AA02610B63}"
EndProject
Project("{FAE04EC0-301F-11D3-BF4B-00C04F79EFBC}") = "[EPAM]UsersNote.BLL-Logic", "[EPAM]UsersNote.BLL-Logic\[EPAM]UsersNote.BLL-Logic.csproj", "{AE7406EC-ED6E-4173-BADD-5A47CD5B7487}"
EndProject
Project("{FAE04EC0-301F-11D3-BF4B-00C04F79EFBC}") = "[EPAM]UsersNote.Entites", "[EPAM]UsersNote.Entites\[EPAM]UsersNote.Entites.csproj", "{E66C5367-BB62-4095-9220-F2581741F2B7}"
EndProject
Project("{FAE04EC0-301F-11D3-BF4B-00C04F79EFBC}") = "[EPAM]UsersNote.Logger", "[EPAM]UsersNote.Logger\[EPAM]UsersNote.Logger.csproj", "{575B595C-D37D-42F1-BDAB-A13BF4B2EDB5}"
EndProject
Project("{FAE04EC0-301F-11D3-BF4B-00C04F79EFBC}") = "[EPAM]UsersNote.PL.Web", "[EPAM]UsersNote.PL.Web\[EPAM]UsersNote.PL.Web.csproj", "{2DF8FDA6-88D4-4857-B8B5-427F7F4E0B87}"
EndProject
Project("{FAE04EC0-301F-11D3-BF4B-00C04F79EFBC}") = "[EPAM]UsersNote.DALDatabase", "[EPAM]UsersNote.DALDatabase\[EPAM]UsersNote.DALDatabase.csproj", "{74DA5009-5D57-4A65-95A0-A07094C8CFCD}"
EndProject
Global
	GlobalSection(SolutionConfigurationPlatforms) = preSolution
		Debug|Any CPU = Debug|Any CPU
		Release|Any CPU = Release|Any CPU
	EndGlobalSection
	GlobalSection(ProjectConfigurationPlatforms) = postSolution
		{128AE665-E7B4-451D-8390-98BD97C3A7B0}.Debug|Any CPU.ActiveCfg = Debug|Any CPU
		{128AE665-E7B4-451D-8390-98BD97C3A7B0}.Debug|Any CPU.Build.0 = Debug|Any CPU
		{128AE665-E7B4-451D-8390-98BD97C3A7B0}.Release|Any CPU.ActiveCfg = Release|Any CPU
		{128AE665-E7B4-451D-8390-98BD97C3A7B0}.Release|Any CPU.Build.0 = Release|Any CPU
		{88A5BC66-F654-4D4F-87B8-7660036EC652}.Debug|Any CPU.ActiveCfg = Debug|Any CPU
		{88A5BC66-F654-4D4F-87B8-7660036EC652}.Debug|Any CPU.Build.0 = Debug|Any CPU
		{88A5BC66-F654-4D4F-87B8-7660036EC652}.Release|Any CPU.ActiveCfg = Release|Any CPU
		{88A5BC66-F654-4D4F-87B8-7660036EC652}.Release|Any CPU.Build.0 = Release|Any CPU
		{C3060508-7639-495B-B4DE-CD6A4C5ACF1F}.Debug|Any CPU.ActiveCfg = Debug|Any CPU
		{C3060508-7639-495B-B4DE-CD6A4C5ACF1F}.Debug|Any CPU.Build.0 = Debug|Any CPU
		{C3060508-7639-495B-B4DE-CD6A4C5ACF1F}.Release|Any CPU.ActiveCfg = Release|Any CPU
		{C3060508-7639-495B-B4DE-CD6A4C5ACF1F}.Release|Any CPU.Build.0 = Release|Any CPU
		{DAA11EE0-13B7-49E5-A432-12AA02610B63}.Debug|Any CPU.ActiveCfg = Debug|Any CPU
		{DAA11EE0-13B7-49E5-A432-12AA02610B63}.Debug|Any CPU.Build.0 = Debug|Any CPU
		{DAA11EE0-13B7-49E5-A432-12AA02610B63}.Release|Any CPU.ActiveCfg = Release|Any CPU
		{DAA11EE0-13B7-49E5-A432-12AA02610B63}.Release|Any CPU.Build.0 = Release|Any CPU
		{AE7406EC-ED6E-4173-BADD-5A47CD5B7487}.Debug|Any CPU.ActiveCfg = Debug|Any CPU
		{AE7406EC-ED6E-4173-BADD-5A47CD5B7487}.Debug|Any CPU.Build.0 = Debug|Any CPU
		{AE7406EC-ED6E-4173-BADD-5A47CD5B7487}.Release|Any CPU.ActiveCfg = Release|Any CPU
		{AE7406EC-ED6E-4173-BADD-5A47CD5B7487}.Release|Any CPU.Build.0 = Release|Any CPU
		{E66C5367-BB62-4095-9220-F2581741F2B7}.Debug|Any CPU.ActiveCfg = Debug|Any CPU
		{E66C5367-BB62-4095-9220-F2581741F2B7}.Debug|Any CPU.Build.0 = Debug|Any CPU
		{E66C5367-BB62-4095-9220-F2581741F2B7}.Release|Any CPU.ActiveCfg = Release|Any CPU
		{E66C5367-BB62-4095-9220-F2581741F2B7}.Release|Any CPU.Build.0 = Release|Any CPU
		{575B595C-D37D-42F1-BDAB-A13BF4B2EDB5}.Debug|Any CPU.ActiveCfg = Debug|Any CPU
		{575B595C-D37D-42F1-BDAB-A13BF4B2EDB5}.Debug|Any CPU.Build.0 = Debug|Any CPU
		{575B595C-D37D-42F1-BDAB-A13BF4B2EDB5}.Release|Any CPU.ActiveCfg = Release|Any CPU
		{575B595C-D37D-42F1-BDAB-A13BF4B2EDB5}.Release|Any CPU.Build.0 = Release|Any CPU
		{2DF8FDA6-88D4-4857-B8B5-427F7F4E0B87}.Debug|Any CPU.ActiveCfg = Debug|Any CPU
		{2DF8FDA6-88D4-4857-B8B5-427F7F4E0B87}.Debug|Any CPU.Build.0 = Debug|Any CPU
		{2DF8FDA6-88D4-4857-B8B5-427F7F4E0B87}.Release|Any CPU.ActiveCfg = Release|Any CPU
		{2DF8FDA6-88D4-4857-B8B5-427F7F4E0B87}.Release|Any CPU.Build.0 = Release|Any CPU
		{74DA5009-5D57-4A65-95A0-A07094C8CFCD}.Debug|Any CPU.ActiveCfg = Debug|Any CPU
		{74DA5009-5D57-4A65-95A0-A07094C8CFCD}.Debug|Any CPU.Build.0 = Debug|Any CPU
		{74DA5009-5D57-4A65-95A0-A07094C8CFCD}.Release|Any CPU.ActiveCfg = Release|Any CPU
		{74DA5009-5D57-4A65-95A0-A07094C8CFCD}.Release|Any CPU.Build.0 = Release|Any CPU
	EndGlobalSection
	GlobalSection(SolutionProperties) = preSolution
		HideSolutionNode = FALSE
	EndGlobalSection
	GlobalSection(NestedProjects) = preSolution
		{128AE665-E7B4-451D-8390-98BD97C3A7B0} = {E74A669E-D38E-4B66-BFC5-83CEF3BFE4A6}
		{88A5BC66-F654-4D4F-87B8-7660036EC652} = {A8CF531D-4262-4933-B622-1087E52D6C34}
		{C3060508-7639-495B-B4DE-CD6A4C5ACF1F} = {A8CF531D-4262-4933-B622-1087E52D6C34}
		{DAA11EE0-13B7-49E5-A432-12AA02610B63} = {AD40FAB0-54A0-4445-A5C0-01DDCA6AD937}
		{AE7406EC-ED6E-4173-BADD-5A47CD5B7487} = {B25CCCC4-A9D5-44FB-BFA1-1B6B173D23C3}
		{E66C5367-BB62-4095-9220-F2581741F2B7} = {8A6268ED-8FEA-448E-95E8-6C72D478780A}
		{2DF8FDA6-88D4-4857-B8B5-427F7F4E0B87} = {E74A669E-D38E-4B66-BFC5-83CEF3BFE4A6}
		{74DA5009-5D57-4A65-95A0-A07094C8CFCD} = {AD40FAB0-54A0-4445-A5C0-01DDCA6AD937}
	EndGlobalSection
EndGlobal
